PODS:
  - ACAlertController (1.0.0)
  - ActionSheetPicker-3.0 (2.3.0)
  - AFNetworking (3.1.0):
    - AFNetworking/NSURLSession (= 3.1.0)
    - AFNetworking/Reachability (= 3.1.0)
    - AFNetworking/Security (= 3.1.0)
    - AFNetworking/Serialization (= 3.1.0)
    - AFNetworking/UIKit (= 3.1.0)
  - AFNetworking/NSURLSession (3.1.0):
    - AFNetworking/Reachability
    - AFNetworking/Security
    - AFNetworking/Serialization
  - AFNetworking/Reachability (3.1.0)
  - AFNetworking/Security (3.1.0)
  - AFNetworking/Serialization (3.1.0)
  - AFNetworking/UIKit (3.1.0):
    - AFNetworking/NSURLSession
  - BRPickerView (1.3.0):
    - MJExtension (~> 3.0.13)
  - CYLTabBarController (1.17.6)
  - DACircularProgress (2.3.1)
  - FLEX (2.4.0)
  - IQKeyboardManager (3.3.7)
  - JSONModel (1.7.0)
  - LBXScan (2.3):
    - LBXScan/All (= 2.3)
  - LBXScan/All (2.3):
    - LBXScan/Types (~> 2.2)
    - ZBarSDK (~> 1.3.1)
  - LBXScan/Types (2.3)
  - LYEmptyView (1.0.1)
  - Masonry (1.1.0)
  - MBProgressHUD (0.9.2)
  - MJExtension (3.0.13)
  - MJRefresh (3.1.15.1)
  - mp3lame-for-ios (0.1.1)
  - MWPhotoBrowser (2.1.2):
    - DACircularProgress (~> 2.3)
    - MBProgressHUD (~> 0.9)
    - SDWebImage (!= 3.7.2, ~> 3.7)
  - NinaPagerView (1.6.2)
  - SDWebImage (3.8.2):
    - SDWebImage/Core (= 3.8.2)
  - SDWebImage/Core (3.8.2)
  - SVProgressHUD (2.2.2)
  - TZImagePickerController (1.9.8)
  - WebViewJavascriptBridge (5.2.0)
  - YTKNetwork (2.0.4):
    - AFNetworking (~> 3.0)
  - ZBarSDK (1.3.1)

DEPENDENCIES:
  - ACAlertController
  - ActionSheetPicker-3.0
  - AFNetworking
  - BRPickerView
  - CYLTabBarController
  - FLEX
  - IQKeyboardManager (~> 3.3.7)
  - JSONModel
  - LBXScan
  - LYEmptyView
  - Masonry
  - MBProgressHUD
  - MJRefresh
  - mp3lame-for-ios
  - MWPhotoBrowser
  - NinaPagerView
  - SDWebImage
  - SVProgressHUD
  - TZImagePickerController
  - WebViewJavascriptBridge (~> 5.0)
  - YTKNetwork

SPEC CHECKSUMS:
  ACAlertController: 10f0455c3e1691a6197b5cd0d96d6f9a03c82763
  ActionSheetPicker-3.0: eef157d75e151f255c5333d26656c7fbfe905a51
  AFNetworking: 5e0e199f73d8626b11e79750991f5d173d1f8b67
  BRPickerView: 067c1ad2d1e4c135ef00b78f93227845968d9e5e
  CYLTabBarController: c374643dea6dadece8bdff9c70f7387f8ffd7d08
  DACircularProgress: 4dd437c0fc3da5161cb289e07ac449493d41db71
  FLEX: bd1a39e55b56bb413b6f1b34b3c10a0dc44ef079
  IQKeyboardManager: 249c3946acf61345c18b038eb50863fe2793e3a8
  JSONModel: 840bc0fcffb24b8454d2c026bf26fea454b8e98d
  LBXScan: e51449f0832d1fe17da632af0d22adeb3cfa3543
  LYEmptyView: 6a1e41c3546d0d806b59a55498732bde70217155
  Masonry: 678fab65091a9290e40e2832a55e7ab731aad201
  MBProgressHUD: 1569cf7ace17a8bac47aabfbb8580a49690386d1
  MJExtension: 5932755f451458eefa24239358817f8d291240c7
  MJRefresh: 5f8552bc25ca8751c010f621c1098dbdaacbccd6
  mp3lame-for-ios: 4daeb5686885be66438154050e3fe975d4ee1f07
  MWPhotoBrowser: 5836d7aa041dc05a13de380c246826578adc5ea5
  NinaPagerView: d197b579cb5a9beb5c3cb45c027a7463de52e64f
  SDWebImage: 098e97e6176540799c27e804c96653ee0833d13c
  SVProgressHUD: 59b2d3dabacbd051576d21d32293ca7228dc18b0
  TZImagePickerController: 3b9413ae5d049b1fdc5b0c720ad283f35b679a50
  WebViewJavascriptBridge: a00b2d61252aec5207e3263d46fd0fd3cfaf7895
  YTKNetwork: df8a7a5597bda1664a4efaa7ef871a818a887fe0
  ZBarSDK: 4c1b5daeb7d6cc67dc9355e690af0230a661f6ec

PODFILE CHECKSUM: 80e81444a3d5aeebdf9ae8aee5d5f4bc805ddf7c

COCOAPODS: 1.3.1
